// !$*UTF8*$!
{
	archiveVersion = 1;
	classes = {
	};
	objectVersion = 46;
	objects = {

/* Begin PBXFileReference section */
		7CCE4BC41B46E754004FA8F9 /* Makefile */ = {isa = PBXFileReference; fileEncoding = 4; lastKnownFileType = sourcecode.make; path = Makefile; sourceTree = "<group>"; };
		7CCE4BCA1B46E8EC004FA8F9 /* RMatrix.h */ = {isa = PBXFileReference; fileEncoding = 4; lastKnownFileType = sourcecode.c.h; name = RMatrix.h; path = ../../../include/RMatrix.h; sourceTree = "<group>"; };
		7CCE4BCB1B46E8EC004FA8F9 /* RUtils.h */ = {isa = PBXFileReference; fileEncoding = 4; lastKnownFileType = sourcecode.c.h; name = RUtils.h; path = ../../../include/RUtils.h; sourceTree = "<group>"; };
		7CCE4BCC1B46E8F6004FA8F9 /* CppEntryPoint.cpp */ = {isa = PBXFileReference; fileEncoding = 4; lastKnownFileType = sourcecode.cpp.cpp; name = CppEntryPoint.cpp; path = ../../../source/CppEntryPoint.cpp; sourceTree = "<group>"; };
		7CCE4BCD1B46E8F6004FA8F9 /* RUtils.cpp */ = {isa = PBXFileReference; fileEncoding = 4; lastKnownFileType = sourcecode.cpp.cpp; name = RUtils.cpp; path = ../../../source/RUtils.cpp; sourceTree = "<group>"; };
		7CCE4BD11B46F1C9004FA8F9 /* BiDendrogram.h */ = {isa = PBXFileReference; fileEncoding = 4; lastKnownFileType = sourcecode.c.h; name = BiDendrogram.h; path = ../../../include/BiDendrogram.h; sourceTree = "<group>"; };
		7CCE4BD21B46F1D2004FA8F9 /* BiDendrogram.cpp */ = {isa = PBXFileReference; fileEncoding = 4; lastKnownFileType = sourcecode.cpp.cpp; name = BiDendrogram.cpp; path = ../../../source/BiDendrogram.cpp; sourceTree = "<group>"; };
/* End PBXFileReference section */

/* Begin PBXGroup section */
		7CCE4BB11B46E5E6004FA8F9 = {
			isa = PBXGroup;
			children = (
				7CCE4BC41B46E754004FA8F9 /* Makefile */,
				7CCE4BBC1B46E5E6004FA8F9 /* BiDendrogram */,
			);
			sourceTree = "<group>";
		};
		7CCE4BBC1B46E5E6004FA8F9 /* BiDendrogram */ = {
			isa = PBXGroup;
			children = (
				7CCE4BD21B46F1D2004FA8F9 /* BiDendrogram.cpp */,
				7CCE4BD11B46F1C9004FA8F9 /* BiDendrogram.h */,
				7CCE4BCC1B46E8F6004FA8F9 /* CppEntryPoint.cpp */,
				7CCE4BCD1B46E8F6004FA8F9 /* RUtils.cpp */,
				7CCE4BCA1B46E8EC004FA8F9 /* RMatrix.h */,
				7CCE4BCB1B46E8EC004FA8F9 /* RUtils.h */,
			);
			path = BiDendrogram;
			sourceTree = "<group>";
		};
/* End PBXGroup section */

/* Begin PBXLegacyTarget section */
		7CCE4BC61B46E777004FA8F9 /* BiDendrogram.so */ = {
			isa = PBXLegacyTarget;
			buildArgumentsString = "$(ACTION)";
			buildConfigurationList = 7CCE4BC71B46E777004FA8F9 /* Build configuration list for PBXLegacyTarget "BiDendrogram.so" */;
			buildPhases = (
			);
			buildToolPath = /usr/bin/make;
			dependencies = (
			);
			name = BiDendrogram.so;
			passBuildSettingsInEnvironment = 1;
			productName = BiDendrogram.so;
		};
/* End PBXLegacyTarget section */

/* Begin PBXProject section */
		7CCE4BB21B46E5E6004FA8F9 /* Project object */ = {
			isa = PBXProject;
			attributes = {
				LastUpgradeCheck = 0610;
				ORGANIZATIONNAME = "Alexandre Arsenault";
				TargetAttributes = {
					7CCE4BC61B46E777004FA8F9 = {
						CreatedOnToolsVersion = 6.1;
					};
				};
			};
			buildConfigurationList = 7CCE4BB51B46E5E6004FA8F9 /* Build configuration list for PBXProject "BiDendrogram" */;
			compatibilityVersion = "Xcode 3.2";
			developmentRegion = English;
			hasScannedForEncodings = 0;
			knownRegions = (
				en,
			);
			mainGroup = 7CCE4BB11B46E5E6004FA8F9;
			productRefGroup = 7CCE4BB11B46E5E6004FA8F9;
			projectDirPath = "";
			projectRoot = "";
			targets = (
				7CCE4BC61B46E777004FA8F9 /* BiDendrogram.so */,
			);
		};
/* End PBXProject section */

/* Begin XCBuildConfiguration section */
		7CCE4BBF1B46E5E6004FA8F9 /* Debug */ = {
			isa = XCBuildConfiguration;
			buildSettings = {
				ALWAYS_SEARCH_USER_PATHS = NO;
				CLANG_CXX_LANGUAGE_STANDARD = "gnu++0x";
				CLANG_CXX_LIBRARY = "libc++";
				CLANG_ENABLE_MODULES = YES;
				CLANG_ENABLE_OBJC_ARC = YES;
				CLANG_WARN_BOOL_CONVERSION = YES;
				CLANG_WARN_CONSTANT_CONVERSION = YES;
				CLANG_WARN_DIRECT_OBJC_ISA_USAGE = YES_ERROR;
				CLANG_WARN_EMPTY_BODY = YES;
				CLANG_WARN_ENUM_CONVERSION = YES;
				CLANG_WARN_INT_CONVERSION = YES;
				CLANG_WARN_OBJC_ROOT_CLASS = YES_ERROR;
				CLANG_WARN_UNREACHABLE_CODE = YES;
				CLANG_WARN__DUPLICATE_METHOD_MATCH = YES;
				COPY_PHASE_STRIP = NO;
				ENABLE_STRICT_OBJC_MSGSEND = YES;
				GCC_C_LANGUAGE_STANDARD = gnu99;
				GCC_DYNAMIC_NO_PIC = NO;
				GCC_OPTIMIZATION_LEVEL = 0;
				GCC_PREPROCESSOR_DEFINITIONS = (
					"DEBUG=1",
					"$(inherited)",
				);
				GCC_SYMBOLS_PRIVATE_EXTERN = NO;
				GCC_WARN_64_TO_32_BIT_CONVERSION = YES;
				GCC_WARN_ABOUT_RETURN_TYPE = YES_ERROR;
				GCC_WARN_UNDECLARED_SELECTOR = YES;
				GCC_WARN_UNINITIALIZED_AUTOS = YES_AGGRESSIVE;
				GCC_WARN_UNUSED_FUNCTION = YES;
				GCC_WARN_UNUSED_VARIABLE = YES;
				MACOSX_DEPLOYMENT_TARGET = 10.10;
				MTL_ENABLE_DEBUG_INFO = YES;
				ONLY_ACTIVE_ARCH = YES;
				SDKROOT = macosx;
			};
			name = Debug;
		};
		7CCE4BC01B46E5E6004FA8F9 /* Release */ = {
			isa = XCBuildConfiguration;
			buildSettings = {
				ALWAYS_SEARCH_USER_PATHS = NO;
				CLANG_CXX_LANGUAGE_STANDARD = "gnu++0x";
				CLANG_CXX_LIBRARY = "libc++";
				CLANG_ENABLE_MODULES = YES;
				CLANG_ENABLE_OBJC_ARC = YES;
				CLANG_WARN_BOOL_CONVERSION = YES;
				CLANG_WARN_CONSTANT_CONVERSION = YES;
				CLANG_WARN_DIRECT_OBJC_ISA_USAGE = YES_ERROR;
				CLANG_WARN_EMPTY_BODY = YES;
				CLANG_WARN_ENUM_CONVERSION = YES;
				CLANG_WARN_INT_CONVERSION = YES;
				CLANG_WARN_OBJC_ROOT_CLASS = YES_ERROR;
				CLANG_WARN_UNREACHABLE_CODE = YES;
				CLANG_WARN__DUPLICATE_METHOD_MATCH = YES;
				COPY_PHASE_STRIP = YES;
				DEBUG_INFORMATION_FORMAT = "dwarf-with-dsym";
				ENABLE_NS_ASSERTIONS = NO;
				ENABLE_STRICT_OBJC_MSGSEND = YES;
				GCC_C_LANGUAGE_STANDARD = gnu99;
				GCC_WARN_64_TO_32_BIT_CONVERSION = YES;
				GCC_WARN_ABOUT_RETURN_TYPE = YES_ERROR;
				GCC_WARN_UNDECLARED_SELECTOR = YES;
				GCC_WARN_UNINITIALIZED_AUTOS = YES_AGGRESSIVE;
				GCC_WARN_UNUSED_FUNCTION = YES;
				GCC_WARN_UNUSED_VARIABLE = YES;
				MACOSX_DEPLOYMENT_TARGET = 10.10;
				MTL_ENABLE_DEBUG_INFO = NO;
				SDKROOT = macosx;
			};
			name = Release;
		};
		7CCE4BC81B46E777004FA8F9 /* Debug */ = {
			isa = XCBuildConfiguration;
			buildSettings = {
				DEBUGGING_SYMBOLS = YES;
				GCC_GENERATE_DEBUGGING_SYMBOLS = YES;
				GCC_OPTIMIZATION_LEVEL = 0;
				GCC_PREPROCESSOR_DEFINITIONS = (
					"DEBUG=1",
					"$(inherited)",
				);
				OTHER_CFLAGS = "";
				OTHER_LDFLAGS = "";
				PRODUCT_NAME = "$(TARGET_NAME)";
			};
			name = Debug;
		};
		7CCE4BC91B46E777004FA8F9 /* Release */ = {
			isa = XCBuildConfiguration;
			buildSettings = {
				OTHER_CFLAGS = "";
				OTHER_LDFLAGS = "";
				PRODUCT_NAME = "$(TARGET_NAME)";
			};
			name = Release;
		};
/* End XCBuildConfiguration section */

/* Begin XCConfigurationList section */
		7CCE4BB51B46E5E6004FA8F9 /* Build configuration list for PBXProject "BiDendrogram" */ = {
			isa = XCConfigurationList;
			buildConfigurations = (
				7CCE4BBF1B46E5E6004FA8F9 /* Debug */,
				7CCE4BC01B46E5E6004FA8F9 /* Release */,
			);
			defaultConfigurationIsVisible = 0;
			defaultConfigurationName = Release;
		};
		7CCE4BC71B46E777004FA8F9 /* Build configuration list for PBXLegacyTarget "BiDendrogram.so" */ = {
			isa = XCConfigurationList;
			buildConfigurations = (
				7CCE4BC81B46E777004FA8F9 /* Debug */,
				7CCE4BC91B46E777004FA8F9 /* Release */,
			);
			defaultConfigurationIsVisible = 0;
		};
/* End XCConfigurationList section */
	};
	rootObject = 7CCE4BB21B46E5E6004FA8F9 /* Project object */;
}
